
Microsoft Visual Studio Solution File, Format Version 12.00
# Visual Studio Version 17
VisualStudioVersion = 17.11.35327.3
MinimumVisualStudioVersion = 10.0.40219.1
Project("{9A19103F-16F7-4668-BE54-9A1E7A4F7556}") = "GameServer", "GameServer\GameServer.csproj", "{DFC31686-35AF-408F-91E0-32D472AB5C5F}"
EndProject
Project("{9A19103F-16F7-4668-BE54-9A1E7A4F7556}") = "Common", "Common\Common.csproj", "{482DF05F-2E34-4AF2-8703-F1F1D88F2240}"
EndProject
Project("{9A19103F-16F7-4668-BE54-9A1E7A4F7556}") = "TestClient", "Client\TestClient.csproj", "{38754F35-EDA3-4610-8B2A-7264AC7CD34C}"
EndProject
Project("{9A19103F-16F7-4668-BE54-9A1E7A4F7556}") = "LoginGateServer", "LoginGateServer\LoginGateServer.csproj", "{8E2813A9-67B7-4682-884C-D97A248FD181}"
EndProject
Project("{9A19103F-16F7-4668-BE54-9A1E7A4F7556}") = "LoginServer", "LoginServer\LoginServer.csproj", "{F80C1B07-A4CB-46DC-9573-4880E04A45BB}"
EndProject
Project("{9A19103F-16F7-4668-BE54-9A1E7A4F7556}") = "DBProxyServer", "DBProxyServer\DBProxyServer.csproj", "{CEFCC24D-06CB-434D-B93A-40D291860904}"
EndProject
Project("{9A19103F-16F7-4668-BE54-9A1E7A4F7556}") = "lLua", "Llua\lLua.csproj", "{B052DC92-759E-4384-AD2A-39B1E0057601}"
EndProject
Project("{9A19103F-16F7-4668-BE54-9A1E7A4F7556}") = "ControlCenter", "ControlCenter\ControlCenter.csproj", "{3CBC2A10-60A0-4140-BCB0-EC3822099D13}"
EndProject
Project("{9A19103F-16F7-4668-BE54-9A1E7A4F7556}") = "LoginGateMgrServer", "LoginGateMgrServer\LoginGateMgrServer.csproj", "{6C1602AC-4DD5-43CA-AD4B-B899A6999978}"
EndProject
Project("{9A19103F-16F7-4668-BE54-9A1E7A4F7556}") = "GameGateServer", "GameGateServer\GameGateServer.csproj", "{E7C6B0AE-2B04-4E2F-B72D-749CD2660C27}"
EndProject
Project("{9A19103F-16F7-4668-BE54-9A1E7A4F7556}") = "GameGateMgrServer", "GameGateMgrServer\GameGateMgrServer.csproj", "{DFA0793B-2C53-41AA-9427-B23AD8CCEDE8}"
EndProject
Project("{9A19103F-16F7-4668-BE54-9A1E7A4F7556}") = "SceneServer", "SceneServer\SceneServer.csproj", "{D744CFD0-D29F-4B4B-82AE-7EB18382E927}"
EndProject
Project("{9A19103F-16F7-4668-BE54-9A1E7A4F7556}") = "MasterTimerServer", "MasterTimerServer\MasterTimerServer.csproj", "{23687F66-C73B-4D42-B991-E1BA4FE4AA14}"
EndProject
Project("{9A19103F-16F7-4668-BE54-9A1E7A4F7556}") = "SlaveTimerServer", "SlaveTimerServer\SlaveTimerServer.csproj", "{C2191331-6CC6-44F7-BDBE-B495F3DFA845}"
EndProject
Project("{9A19103F-16F7-4668-BE54-9A1E7A4F7556}") = "LogServer", "LogServer\LogServer.csproj", "{DD455B74-F5F3-4136-8A9D-0995B4BCD779}"
EndProject
Project("{9A19103F-16F7-4668-BE54-9A1E7A4F7556}") = "RedisServer", "RedisServer\RedisServer.csproj", "{9E6DCFA3-A7F7-4287-A461-71ECE4111EE4}"
EndProject
Project("{9A19103F-16F7-4668-BE54-9A1E7A4F7556}") = "HttpProxyServer", "HttpProxyServer\HttpProxyServer.csproj", "{7C4D7527-E5FA-42EC-9B2A-27E21254DA9C}"
EndProject
Project("{9A19103F-16F7-4668-BE54-9A1E7A4F7556}") = "EntryServer", "EntryServer\EntryServer.csproj", "{E499626C-3714-4DE3-81FD-E73834352478}"
EndProject
Project("{9A19103F-16F7-4668-BE54-9A1E7A4F7556}") = "PortalServer", "PortalServer\PortalServer.csproj", "{730A4295-EFE8-4B6D-B9F8-148754D6909E}"
EndProject
Global
	GlobalSection(SolutionConfigurationPlatforms) = preSolution
		Debug|Any CPU = Debug|Any CPU
		Release|Any CPU = Release|Any CPU
	EndGlobalSection
	GlobalSection(ProjectConfigurationPlatforms) = postSolution
		{DFC31686-35AF-408F-91E0-32D472AB5C5F}.Debug|Any CPU.ActiveCfg = Debug|Any CPU
		{DFC31686-35AF-408F-91E0-32D472AB5C5F}.Debug|Any CPU.Build.0 = Debug|Any CPU
		{DFC31686-35AF-408F-91E0-32D472AB5C5F}.Release|Any CPU.ActiveCfg = Release|Any CPU
		{DFC31686-35AF-408F-91E0-32D472AB5C5F}.Release|Any CPU.Build.0 = Release|Any CPU
		{482DF05F-2E34-4AF2-8703-F1F1D88F2240}.Debug|Any CPU.ActiveCfg = Debug|Any CPU
		{482DF05F-2E34-4AF2-8703-F1F1D88F2240}.Debug|Any CPU.Build.0 = Debug|Any CPU
		{482DF05F-2E34-4AF2-8703-F1F1D88F2240}.Release|Any CPU.ActiveCfg = Release|Any CPU
		{482DF05F-2E34-4AF2-8703-F1F1D88F2240}.Release|Any CPU.Build.0 = Release|Any CPU
		{38754F35-EDA3-4610-8B2A-7264AC7CD34C}.Debug|Any CPU.ActiveCfg = Debug|Any CPU
		{38754F35-EDA3-4610-8B2A-7264AC7CD34C}.Debug|Any CPU.Build.0 = Debug|Any CPU
		{38754F35-EDA3-4610-8B2A-7264AC7CD34C}.Release|Any CPU.ActiveCfg = Release|Any CPU
		{38754F35-EDA3-4610-8B2A-7264AC7CD34C}.Release|Any CPU.Build.0 = Release|Any CPU
		{8E2813A9-67B7-4682-884C-D97A248FD181}.Debug|Any CPU.ActiveCfg = Debug|Any CPU
		{8E2813A9-67B7-4682-884C-D97A248FD181}.Debug|Any CPU.Build.0 = Debug|Any CPU
		{8E2813A9-67B7-4682-884C-D97A248FD181}.Release|Any CPU.ActiveCfg = Release|Any CPU
		{8E2813A9-67B7-4682-884C-D97A248FD181}.Release|Any CPU.Build.0 = Release|Any CPU
		{F80C1B07-A4CB-46DC-9573-4880E04A45BB}.Debug|Any CPU.ActiveCfg = Debug|Any CPU
		{F80C1B07-A4CB-46DC-9573-4880E04A45BB}.Debug|Any CPU.Build.0 = Debug|Any CPU
		{F80C1B07-A4CB-46DC-9573-4880E04A45BB}.Release|Any CPU.ActiveCfg = Release|Any CPU
		{F80C1B07-A4CB-46DC-9573-4880E04A45BB}.Release|Any CPU.Build.0 = Release|Any CPU
		{CEFCC24D-06CB-434D-B93A-40D291860904}.Debug|Any CPU.ActiveCfg = Debug|Any CPU
		{CEFCC24D-06CB-434D-B93A-40D291860904}.Debug|Any CPU.Build.0 = Debug|Any CPU
		{CEFCC24D-06CB-434D-B93A-40D291860904}.Release|Any CPU.ActiveCfg = Release|Any CPU
		{CEFCC24D-06CB-434D-B93A-40D291860904}.Release|Any CPU.Build.0 = Release|Any CPU
		{B052DC92-759E-4384-AD2A-39B1E0057601}.Debug|Any CPU.ActiveCfg = Debug|Any CPU
		{B052DC92-759E-4384-AD2A-39B1E0057601}.Debug|Any CPU.Build.0 = Debug|Any CPU
		{B052DC92-759E-4384-AD2A-39B1E0057601}.Release|Any CPU.ActiveCfg = Release|Any CPU
		{B052DC92-759E-4384-AD2A-39B1E0057601}.Release|Any CPU.Build.0 = Release|Any CPU
		{3CBC2A10-60A0-4140-BCB0-EC3822099D13}.Debug|Any CPU.ActiveCfg = Debug|Any CPU
		{3CBC2A10-60A0-4140-BCB0-EC3822099D13}.Debug|Any CPU.Build.0 = Debug|Any CPU
		{3CBC2A10-60A0-4140-BCB0-EC3822099D13}.Release|Any CPU.ActiveCfg = Release|Any CPU
		{3CBC2A10-60A0-4140-BCB0-EC3822099D13}.Release|Any CPU.Build.0 = Release|Any CPU
		{6C1602AC-4DD5-43CA-AD4B-B899A6999978}.Debug|Any CPU.ActiveCfg = Debug|Any CPU
		{6C1602AC-4DD5-43CA-AD4B-B899A6999978}.Debug|Any CPU.Build.0 = Debug|Any CPU
		{6C1602AC-4DD5-43CA-AD4B-B899A6999978}.Release|Any CPU.ActiveCfg = Release|Any CPU
		{6C1602AC-4DD5-43CA-AD4B-B899A6999978}.Release|Any CPU.Build.0 = Release|Any CPU
		{E7C6B0AE-2B04-4E2F-B72D-749CD2660C27}.Debug|Any CPU.ActiveCfg = Debug|Any CPU
		{E7C6B0AE-2B04-4E2F-B72D-749CD2660C27}.Debug|Any CPU.Build.0 = Debug|Any CPU
		{E7C6B0AE-2B04-4E2F-B72D-749CD2660C27}.Release|Any CPU.ActiveCfg = Release|Any CPU
		{E7C6B0AE-2B04-4E2F-B72D-749CD2660C27}.Release|Any CPU.Build.0 = Release|Any CPU
		{DFA0793B-2C53-41AA-9427-B23AD8CCEDE8}.Debug|Any CPU.ActiveCfg = Debug|Any CPU
		{DFA0793B-2C53-41AA-9427-B23AD8CCEDE8}.Debug|Any CPU.Build.0 = Debug|Any CPU
		{DFA0793B-2C53-41AA-9427-B23AD8CCEDE8}.Release|Any CPU.ActiveCfg = Release|Any CPU
		{DFA0793B-2C53-41AA-9427-B23AD8CCEDE8}.Release|Any CPU.Build.0 = Release|Any CPU
		{D744CFD0-D29F-4B4B-82AE-7EB18382E927}.Debug|Any CPU.ActiveCfg = Debug|Any CPU
		{D744CFD0-D29F-4B4B-82AE-7EB18382E927}.Debug|Any CPU.Build.0 = Debug|Any CPU
		{D744CFD0-D29F-4B4B-82AE-7EB18382E927}.Release|Any CPU.ActiveCfg = Release|Any CPU
		{D744CFD0-D29F-4B4B-82AE-7EB18382E927}.Release|Any CPU.Build.0 = Release|Any CPU
		{23687F66-C73B-4D42-B991-E1BA4FE4AA14}.Debug|Any CPU.ActiveCfg = Debug|Any CPU
		{23687F66-C73B-4D42-B991-E1BA4FE4AA14}.Debug|Any CPU.Build.0 = Debug|Any CPU
		{23687F66-C73B-4D42-B991-E1BA4FE4AA14}.Release|Any CPU.ActiveCfg = Release|Any CPU
		{23687F66-C73B-4D42-B991-E1BA4FE4AA14}.Release|Any CPU.Build.0 = Release|Any CPU
		{C2191331-6CC6-44F7-BDBE-B495F3DFA845}.Debug|Any CPU.ActiveCfg = Debug|Any CPU
		{C2191331-6CC6-44F7-BDBE-B495F3DFA845}.Debug|Any CPU.Build.0 = Debug|Any CPU
		{C2191331-6CC6-44F7-BDBE-B495F3DFA845}.Release|Any CPU.ActiveCfg = Release|Any CPU
		{C2191331-6CC6-44F7-BDBE-B495F3DFA845}.Release|Any CPU.Build.0 = Release|Any CPU
		{DD455B74-F5F3-4136-8A9D-0995B4BCD779}.Debug|Any CPU.ActiveCfg = Debug|Any CPU
		{DD455B74-F5F3-4136-8A9D-0995B4BCD779}.Debug|Any CPU.Build.0 = Debug|Any CPU
		{DD455B74-F5F3-4136-8A9D-0995B4BCD779}.Release|Any CPU.ActiveCfg = Release|Any CPU
		{DD455B74-F5F3-4136-8A9D-0995B4BCD779}.Release|Any CPU.Build.0 = Release|Any CPU
		{9E6DCFA3-A7F7-4287-A461-71ECE4111EE4}.Debug|Any CPU.ActiveCfg = Debug|Any CPU
		{9E6DCFA3-A7F7-4287-A461-71ECE4111EE4}.Debug|Any CPU.Build.0 = Debug|Any CPU
		{9E6DCFA3-A7F7-4287-A461-71ECE4111EE4}.Release|Any CPU.ActiveCfg = Release|Any CPU
		{9E6DCFA3-A7F7-4287-A461-71ECE4111EE4}.Release|Any CPU.Build.0 = Release|Any CPU
		{7C4D7527-E5FA-42EC-9B2A-27E21254DA9C}.Debug|Any CPU.ActiveCfg = Debug|Any CPU
		{7C4D7527-E5FA-42EC-9B2A-27E21254DA9C}.Debug|Any CPU.Build.0 = Debug|Any CPU
		{7C4D7527-E5FA-42EC-9B2A-27E21254DA9C}.Release|Any CPU.ActiveCfg = Release|Any CPU
		{7C4D7527-E5FA-42EC-9B2A-27E21254DA9C}.Release|Any CPU.Build.0 = Release|Any CPU
		{E499626C-3714-4DE3-81FD-E73834352478}.Debug|Any CPU.ActiveCfg = Debug|Any CPU
		{E499626C-3714-4DE3-81FD-E73834352478}.Debug|Any CPU.Build.0 = Debug|Any CPU
		{E499626C-3714-4DE3-81FD-E73834352478}.Release|Any CPU.ActiveCfg = Release|Any CPU
		{E499626C-3714-4DE3-81FD-E73834352478}.Release|Any CPU.Build.0 = Release|Any CPU
		{730A4295-EFE8-4B6D-B9F8-148754D6909E}.Debug|Any CPU.ActiveCfg = Debug|Any CPU
		{730A4295-EFE8-4B6D-B9F8-148754D6909E}.Debug|Any CPU.Build.0 = Debug|Any CPU
		{730A4295-EFE8-4B6D-B9F8-148754D6909E}.Release|Any CPU.ActiveCfg = Release|Any CPU
		{730A4295-EFE8-4B6D-B9F8-148754D6909E}.Release|Any CPU.Build.0 = Release|Any CPU
	EndGlobalSection
	GlobalSection(SolutionProperties) = preSolution
		HideSolutionNode = FALSE
	EndGlobalSection
	GlobalSection(ExtensibilityGlobals) = postSolution
		SolutionGuid = {1C184E39-235F-4B48-8666-1A5371F4A996}
	EndGlobalSection
EndGlobal
